
Microsoft Visual Studio Solution File, Format Version 12.00
# Visual Studio Version 16
VisualStudioVersion = 16.0.34031.81
MinimumVisualStudioVersion = 10.0.40219.1
Project("{FAE04EC0-301F-11D3-BF4B-00C04F79EFBC}") = "uig", "uig\uig.csproj", "{FA61987A-D576-4810-BEB1-BF71F5A7F43F}"
EndProject
Global
	GlobalSection(SolutionConfigurationPlatforms) = preSolution
		Debug|Any CPU = Debug|Any CPU
		Release|Any CPU = Release|Any CPU
	EndGlobalSection
	GlobalSection(ProjectConfigurationPlatforms) = postSolution
		{FA61987A-D576-4810-BEB1-BF71F5A7F43F}.Debug|Any CPU.ActiveCfg = Debug|Any CPU
		{FA61987A-D576-4810-BEB1-BF71F5A7F43F}.Debug|Any CPU.Build.0 = Debug|Any CPU
		{FA61987A-D576-4810-BEB1-BF71F5A7F43F}.Release|Any CPU.ActiveCfg = Release|Any CPU
		{FA61987A-D576-4810-BEB1-BF71F5A7F43F}.Release|Any CPU.Build.0 = Release|Any CPU
	EndGlobalSection
	GlobalSection(SolutionProperties) = preSolution
		HideSolutionNode = FALSE
	EndGlobalSection
	GlobalSection(ExtensibilityGlobals) = postSolution
		SolutionGuid = {27F90CB5-496B-458F-87DC-79634D651EE6}
	EndGlobalSection
EndGlobal
